// !$*UTF8*$!
{
	archiveVersion = 1;
	classes = {
	};
	objectVersion = 48;
	objects = {

/* Begin PBXBuildFile section */
		4B63B5B41F88854C004F6243 /* RootViewController.swift in Sources */ = {isa = PBXBuildFile; fileRef = 4B63B5B31F88854C004F6243 /* RootViewController.swift */; };
		4B63B5B61F888578004F6243 /* TopLevelViewController.swift in Sources */ = {isa = PBXBuildFile; fileRef = 4B63B5B51F888578004F6243 /* TopLevelViewController.swift */; };
		4BC883201F8883FC00D3A863 /* AppDelegate.swift in Sources */ = {isa = PBXBuildFile; fileRef = 4BC8831F1F8883FC00D3A863 /* AppDelegate.swift */; };
		4BC883221F8883FC00D3A863 /* ViewController.swift in Sources */ = {isa = PBXBuildFile; fileRef = 4BC883211F8883FC00D3A863 /* ViewController.swift */; };
		4BC883271F8883FC00D3A863 /* Assets.xcassets in Resources */ = {isa = PBXBuildFile; fileRef = 4BC883261F8883FC00D3A863 /* Assets.xcassets */; };
		4BC8832A1F8883FC00D3A863 /* LaunchScreen.storyboard in Resources */ = {isa = PBXBuildFile; fileRef = 4BC883281F8883FC00D3A863 /* LaunchScreen.storyboard */; };
		7F7859259B22AC50FCF2BE26 /* Pods_AbsoluteModal.framework in Frameworks */ = {isa = PBXBuildFile; fileRef = 2FA43D52306AB652CAA60D70 /* Pods_AbsoluteModal.framework */; };
/* End PBXBuildFile section */

/* Begin PBXFileReference section */
		250439FEEEC38AAECEB27BF6 /* Pods-AbsoluteModal.release.xcconfig */ = {isa = PBXFileReference; includeInIndex = 1; lastKnownFileType = text.xcconfig; name = "Pods-AbsoluteModal.release.xcconfig"; path = "Pods/Target Support Files/Pods-AbsoluteModal/Pods-AbsoluteModal.release.xcconfig"; sourceTree = "<group>"; };
		2FA43D52306AB652CAA60D70 /* Pods_AbsoluteModal.framework */ = {isa = PBXFileReference; explicitFileType = wrapper.framework; includeInIndex = 0; path = Pods_AbsoluteModal.framework; sourceTree = BUILT_PRODUCTS_DIR; };
		4B63B5B31F88854C004F6243 /* RootViewController.swift */ = {isa = PBXFileReference; lastKnownFileType = sourcecode.swift; path = RootViewController.swift; sourceTree = "<group>"; };
		4B63B5B51F888578004F6243 /* TopLevelViewController.swift */ = {isa = PBXFileReference; lastKnownFileType = sourcecode.swift; path = TopLevelViewController.swift; sourceTree = "<group>"; };
		4BC8831C1F8883FC00D3A863 /* AbsoluteModal.app */ = {isa = PBXFileReference; explicitFileType = wrapper.application; includeInIndex = 0; path = AbsoluteModal.app; sourceTree = BUILT_PRODUCTS_DIR; };
		4BC8831F1F8883FC00D3A863 /* AppDelegate.swift */ = {isa = PBXFileReference; lastKnownFileType = sourcecode.swift; path = AppDelegate.swift; sourceTree = "<group>"; };
		4BC883211F8883FC00D3A863 /* ViewController.swift */ = {isa = PBXFileReference; lastKnownFileType = sourcecode.swift; path = ViewController.swift; sourceTree = "<group>"; };
		4BC883261F8883FC00D3A863 /* Assets.xcassets */ = {isa = PBXFileReference; lastKnownFileType = folder.assetcatalog; path = Assets.xcassets; sourceTree = "<group>"; };
		4BC883291F8883FC00D3A863 /* Base */ = {isa = PBXFileReference; lastKnownFileType = file.storyboard; name = Base; path = Base.lproj/LaunchScreen.storyboard; sourceTree = "<group>"; };
		4BC8832B1F8883FC00D3A863 /* Info.plist */ = {isa = PBXFileReference; lastKnownFileType = text.plist.xml; path = Info.plist; sourceTree = "<group>"; };
		B78AB11E449EB114F01CB062 /* Pods-AbsoluteModal.debug.xcconfig */ = {isa = PBXFileReference; includeInIndex = 1; lastKnownFileType = text.xcconfig; name = "Pods-AbsoluteModal.debug.xcconfig"; path = "Pods/Target Support Files/Pods-AbsoluteModal/Pods-AbsoluteModal.debug.xcconfig"; sourceTree = "<group>"; };
/* End PBXFileReference section */

/* Begin PBXFrameworksBuildPhase section */
		4BC883191F8883FC00D3A863 /* Frameworks */ = {
			isa = PBXFrameworksBuildPhase;
			buildActionMask = 2147483647;
			files = (
				7F7859259B22AC50FCF2BE26 /* Pods_AbsoluteModal.framework in Frameworks */,
			);
			runOnlyForDeploymentPostprocessing = 0;
		};
/* End PBXFrameworksBuildPhase section */

/* Begin PBXGroup section */
		0F124BF40ECCD3853DCD9E54 /* Frameworks */ = {
			isa = PBXGroup;
			children = (
				2FA43D52306AB652CAA60D70 /* Pods_AbsoluteModal.framework */,
			);
			name = Frameworks;
			sourceTree = "<group>";
		};
		4BC883131F8883FC00D3A863 = {
			isa = PBXGroup;
			children = (
				4BC8831E1F8883FC00D3A863 /* AbsoluteModal */,
				4BC8831D1F8883FC00D3A863 /* Products */,
				A76873A436BE4018B3EF4048 /* Pods */,
				0F124BF40ECCD3853DCD9E54 /* Frameworks */,
			);
			sourceTree = "<group>";
		};
		4BC8831D1F8883FC00D3A863 /* Products */ = {
			isa = PBXGroup;
			children = (
				4BC8831C1F8883FC00D3A863 /* AbsoluteModal.app */,
			);
			name = Products;
			sourceTree = "<group>";
		};
		4BC8831E1F8883FC00D3A863 /* AbsoluteModal */ = {
			isa = PBXGroup;
			children = (
				4BC8831F1F8883FC00D3A863 /* AppDelegate.swift */,
				4B63B5B31F88854C004F6243 /* RootViewController.swift */,
				4BC883211F8883FC00D3A863 /* ViewController.swift */,
				4B63B5B51F888578004F6243 /* TopLevelViewController.swift */,
				4BC883261F8883FC00D3A863 /* Assets.xcassets */,
				4BC883281F8883FC00D3A863 /* LaunchScreen.storyboard */,
				4BC8832B1F8883FC00D3A863 /* Info.plist */,
			);
			path = AbsoluteModal;
			sourceTree = "<group>";
		};
		A76873A436BE4018B3EF4048 /* Pods */ = {
			isa = PBXGroup;
			children = (
				B78AB11E449EB114F01CB062 /* Pods-AbsoluteModal.debug.xcconfig */,
				250439FEEEC38AAECEB27BF6 /* Pods-AbsoluteModal.release.xcconfig */,
			);
			name = Pods;
			sourceTree = "<group>";
		};
/* End PBXGroup section */

/* Begin PBXNativeTarget section */
		4BC8831B1F8883FC00D3A863 /* AbsoluteModal */ = {
			isa = PBXNativeTarget;
			buildConfigurationList = 4BC8832E1F8883FC00D3A863 /* Build configuration list for PBXNativeTarget "AbsoluteModal" */;
			buildPhases = (
				21E72E209753CEBCDEF7DE38 /* [CP] Check Pods Manifest.lock */,
				4BC883181F8883FC00D3A863 /* Sources */,
				4BC883191F8883FC00D3A863 /* Frameworks */,
				4BC8831A1F8883FC00D3A863 /* Resources */,
				C9D35F50A6EDA4248FB18002 /* [CP] Embed Pods Frameworks */,
				8CE778DC1ACCE57D3E964132 /* [CP] Copy Pods Resources */,
			);
			buildRules = (
			);
			dependencies = (
			);
			name = AbsoluteModal;
			productName = AbsoluteModal;
			productReference = 4BC8831C1F8883FC00D3A863 /* AbsoluteModal.app */;
			productType = "com.apple.product-type.application";
		};
/* End PBXNativeTarget section */

/* Begin PBXProject section */
		4BC883141F8883FC00D3A863 /* Project object */ = {
			isa = PBXProject;
			attributes = {
				LastSwiftUpdateCheck = 0910;
				LastUpgradeCheck = 0910;
				ORGANIZATIONNAME = eure;
				TargetAttributes = {
					4BC8831B1F8883FC00D3A863 = {
						CreatedOnToolsVersion = 9.1;
						ProvisioningStyle = Automatic;
					};
				};
			};
			buildConfigurationList = 4BC883171F8883FC00D3A863 /* Build configuration list for PBXProject "AbsoluteModal" */;
			compatibilityVersion = "Xcode 8.0";
			developmentRegion = en;
			hasScannedForEncodings = 0;
			knownRegions = (
				en,
				Base,
			);
			mainGroup = 4BC883131F8883FC00D3A863;
			productRefGroup = 4BC8831D1F8883FC00D3A863 /* Products */;
			projectDirPath = "";
			projectRoot = "";
			targets = (
				4BC8831B1F8883FC00D3A863 /* AbsoluteModal */,
			);
		};
/* End PBXProject section */

/* Begin PBXResourcesBuildPhase section */
		4BC8831A1F8883FC00D3A863 /* Resources */ = {
			isa = PBXResourcesBuildPhase;
			buildActionMask = 2147483647;
			files = (
				4BC8832A1F8883FC00D3A863 /* LaunchScreen.storyboard in Resources */,
				4BC883271F8883FC00D3A863 /* Assets.xcassets in Resources */,
			);
			runOnlyForDeploymentPostprocessing = 0;
		};
/* End PBXResourcesBuildPhase section */

/* Begin PBXShellScriptBuildPhase section */
		21E72E209753CEBCDEF7DE38 /* [CP] Check Pods Manifest.lock */ = {
			isa = PBXShellScriptBuildPhase;
			buildActionMask = 2147483647;
			files = (
			);
			inputPaths = (
				"${PODS_PODFILE_DIR_PATH}/Podfile.lock",
				"${PODS_ROOT}/Manifest.lock",
			);
			name = "[CP] Check Pods Manifest.lock";
			outputPaths = (
				"$(DERIVED_FILE_DIR)/Pods-AbsoluteModal-checkManifestLockResult.txt",
			);
			runOnlyForDeploymentPostprocessing = 0;
			shellPath = /bin/sh;
			shellScript = "diff \"${PODS_PODFILE_DIR_PATH}/Podfile.lock\" \"${PODS_ROOT}/Manifest.lock\" > /dev/null\nif [ $? != 0 ] ; then\n    # print error to STDERR\n    echo \"error: The sandbox is not in sync with the Podfile.lock. Run 'pod install' or update your CocoaPods installation.\" >&2\n    exit 1\nfi\n# This output is used by Xcode 'outputs' to avoid re-running this script phase.\necho \"SUCCESS\" > \"${SCRIPT_OUTPUT_FILE_0}\"\n";
			showEnvVarsInLog = 0;
		};
		8CE778DC1ACCE57D3E964132 /* [CP] Copy Pods Resources */ = {
			isa = PBXShellScriptBuildPhase;
			buildActionMask = 2147483647;
			files = (
			);
			inputPaths = (
			);
			name = "[CP] Copy Pods Resources";
			outputPaths = (
			);
			runOnlyForDeploymentPostprocessing = 0;
			shellPath = /bin/sh;
			shellScript = "\"${SRCROOT}/Pods/Target Support Files/Pods-AbsoluteModal/Pods-AbsoluteModal-resources.sh\"\n";
			showEnvVarsInLog = 0;
		};
		C9D35F50A6EDA4248FB18002 /* [CP] Embed Pods Frameworks */ = {
			isa = PBXShellScriptBuildPhase;
			buildActionMask = 2147483647;
			files = (
			);
			inputPaths = (
				"${SRCROOT}/Pods/Target Support Files/Pods-AbsoluteModal/Pods-AbsoluteModal-frameworks.sh",
				"${BUILT_PRODUCTS_DIR}/EasyPeasy/EasyPeasy.framework",
				"${PODS_ROOT}/Reveal-SDK/RevealServer-11/iOS/RevealServer.framework",
			);
			name = "[CP] Embed Pods Frameworks";
			outputPaths = (
				"${TARGET_BUILD_DIR}/${FRAMEWORKS_FOLDER_PATH}/EasyPeasy.framework",
				"${TARGET_BUILD_DIR}/${FRAMEWORKS_FOLDER_PATH}/RevealServer.framework",
			);
			runOnlyForDeploymentPostprocessing = 0;
			shellPath = /bin/sh;
			shellScript = "\"${SRCROOT}/Pods/Target Support Files/Pods-AbsoluteModal/Pods-AbsoluteModal-frameworks.sh\"\n";
			showEnvVarsInLog = 0;
		};
/* End PBXShellScriptBuildPhase section */

/* Begin PBXSourcesBuildPhase section */
		4BC883181F8883FC00D3A863 /* Sources */ = {
			isa = PBXSourcesBuildPhase;
			buildActionMask = 2147483647;
			files = (
				4BC883221F8883FC00D3A863 /* ViewController.swift in Sources */,
				4B63B5B61F888578004F6243 /* TopLevelViewController.swift in Sources */,
				4BC883201F8883FC00D3A863 /* AppDelegate.swift in Sources */,
				4B63B5B41F88854C004F6243 /* RootViewController.swift in Sources */,
			);
			runOnlyForDeploymentPostprocessing = 0;
		};
/* End PBXSourcesBuildPhase section */

/* Begin PBXVariantGroup section */
		4BC883281F8883FC00D3A863 /* LaunchScreen.storyboard */ = {
			isa = PBXVariantGroup;
			children = (
				4BC883291F8883FC00D3A863 /* Base */,
			);
			name = LaunchScreen.storyboard;
			sourceTree = "<group>";
		};
/* End PBXVariantGroup section */

/* Begin XCBuildConfiguration section */
		4BC8832C1F8883FC00D3A863 /* Debug */ = {
			isa = XCBuildConfiguration;
			buildSettings = {
				ALWAYS_SEARCH_USER_PATHS = NO;
				CLANG_ANALYZER_NONNULL = YES;
				CLANG_ANALYZER_NUMBER_OBJECT_CONVERSION = YES_AGGRESSIVE;
				CLANG_CXX_LANGUAGE_STANDARD = "gnu++14";
				CLANG_CXX_LIBRARY = "libc++";
				CLANG_ENABLE_MODULES = YES;
				CLANG_ENABLE_OBJC_ARC = YES;
				CLANG_WARN_BLOCK_CAPTURE_AUTORELEASING = YES;
				CLANG_WARN_BOOL_CONVERSION = YES;
				CLANG_WARN_COMMA = YES;
				CLANG_WARN_CONSTANT_CONVERSION = YES;
				CLANG_WARN_DIRECT_OBJC_ISA_USAGE = YES_ERROR;
				CLANG_WARN_DOCUMENTATION_COMMENTS = YES;
				CLANG_WARN_EMPTY_BODY = YES;
				CLANG_WARN_ENUM_CONVERSION = YES;
				CLANG_WARN_INFINITE_RECURSION = YES;
				CLANG_WARN_INT_CONVERSION = YES;
				CLANG_WARN_NON_LITERAL_NULL_CONVERSION = YES;
				CLANG_WARN_OBJC_LITERAL_CONVERSION = YES;
				CLANG_WARN_OBJC_ROOT_CLASS = YES_ERROR;
				CLANG_WARN_RANGE_LOOP_ANALYSIS = YES;
				CLANG_WARN_STRICT_PROTOTYPES = YES;
				CLANG_WARN_SUSPICIOUS_MOVE = YES;
				CLANG_WARN_UNGUARDED_AVAILABILITY = YES_AGGRESSIVE;
				CLANG_WARN_UNREACHABLE_CODE = YES;
				CLANG_WARN__DUPLICATE_METHOD_MATCH = YES;
				CODE_SIGN_IDENTITY = "iPhone Developer";
				COPY_PHASE_STRIP = NO;
				DEBUG_INFORMATION_FORMAT = dwarf;
				ENABLE_STRICT_OBJC_MSGSEND = YES;
				ENABLE_TESTABILITY = YES;
				GCC_C_LANGUAGE_STANDARD = gnu11;
				GCC_DYNAMIC_NO_PIC = NO;
				GCC_NO_COMMON_BLOCKS = YES;
				GCC_OPTIMIZATION_LEVEL = 0;
				GCC_PREPROCESSOR_DEFINITIONS = (
					"DEBUG=1",
					"$(inherited)",
				);
				GCC_WARN_64_TO_32_BIT_CONVERSION = YES;
				GCC_WARN_ABOUT_RETURN_TYPE = YES_ERROR;
				GCC_WARN_UNDECLARED_SELECTOR = YES;
				GCC_WARN_UNINITIALIZED_AUTOS = YES_AGGRESSIVE;
				GCC_WARN_UNUSED_FUNCTION = YES;
				GCC_WARN_UNUSED_VARIABLE = YES;
				IPHONEOS_DEPLOYMENT_TARGET = 10.0;
				MTL_ENABLE_DEBUG_INFO = YES;
				ONLY_ACTIVE_ARCH = YES;
				SDKROOT = iphoneos;
				SWIFT_ACTIVE_COMPILATION_CONDITIONS = DEBUG;
				SWIFT_OPTIMIZATION_LEVEL = "-Onone";
			};
			name = Debug;
		};
		4BC8832D1F8883FC00D3A863 /* Release */ = {
			isa = XCBuildConfiguration;
			buildSettings = {
				ALWAYS_SEARCH_USER_PATHS = NO;
				CLANG_ANALYZER_NONNULL = YES;
				CLANG_ANALYZER_NUMBER_OBJECT_CONVERSION = YES_AGGRESSIVE;
				CLANG_CXX_LANGUAGE_STANDARD = "gnu++14";
				CLANG_CXX_LIBRARY = "libc++";
				CLANG_ENABLE_MODULES = YES;
				CLANG_ENABLE_OBJC_ARC = YES;
				CLANG_WARN_BLOCK_CAPTURE_AUTORELEASING = YES;
				CLANG_WARN_BOOL_CONVERSION = YES;
				CLANG_WARN_COMMA = YES;
				CLANG_WARN_CONSTANT_CONVERSION = YES;
				CLANG_WARN_DIRECT_OBJC_ISA_USAGE = YES_ERROR;
				CLANG_WARN_DOCUMENTATION_COMMENTS = YES;
				CLANG_WARN_EMPTY_BODY = YES;
				CLANG_WARN_ENUM_CONVERSION = YES;
				CLANG_WARN_INFINITE_RECURSION = YES;
				CLANG_WARN_INT_CONVERSION = YES;
				CLANG_WARN_NON_LITERAL_NULL_CONVERSION = YES;
				CLANG_WARN_OBJC_LITERAL_CONVERSION = YES;
				CLANG_WARN_OBJC_ROOT_CLASS = YES_ERROR;
				CLANG_WARN_RANGE_LOOP_ANALYSIS = YES;
				CLANG_WARN_STRICT_PROTOTYPES = YES;
				CLANG_WARN_SUSPICIOUS_MOVE = YES;
				CLANG_WARN_UNGUARDED_AVAILABILITY = YES_AGGRESSIVE;
				CLANG_WARN_UNREACHABLE_CODE = YES;
				CLANG_WARN__DUPLICATE_METHOD_MATCH = YES;
				CODE_SIGN_IDENTITY = "iPhone Developer";
				COPY_PHASE_STRIP = NO;
				DEBUG_INFORMATION_FORMAT = "dwarf-with-dsym";
				ENABLE_NS_ASSERTIONS = NO;
				ENABLE_STRICT_OBJC_MSGSEND = YES;
				GCC_C_LANGUAGE_STANDARD = gnu11;
				GCC_NO_COMMON_BLOCKS = YES;
				GCC_WARN_64_TO_32_BIT_CONVERSION = YES;
				GCC_WARN_ABOUT_RETURN_TYPE = YES_ERROR;
				GCC_WARN_UNDECLARED_SELECTOR = YES;
				GCC_WARN_UNINITIALIZED_AUTOS = YES_AGGRESSIVE;
				GCC_WARN_UNUSED_FUNCTION = YES;
				GCC_WARN_UNUSED_VARIABLE = YES;
				IPHONEOS_DEPLOYMENT_TARGET = 10.0;
				MTL_ENABLE_DEBUG_INFO = NO;
				SDKROOT = iphoneos;
				SWIFT_OPTIMIZATION_LEVEL = "-Owholemodule";
				VALIDATE_PRODUCT = YES;
			};
			name = Release;
		};
		4BC8832F1F8883FC00D3A863 /* Debug */ = {
			isa = XCBuildConfiguration;
			baseConfigurationReference = B78AB11E449EB114F01CB062 /* Pods-AbsoluteModal.debug.xcconfig */;
			buildSettings = {
				ASSETCATALOG_COMPILER_APPICON_NAME = AppIcon;
				CODE_SIGN_STYLE = Automatic;
				INFOPLIST_FILE = AbsoluteModal/Info.plist;
				LD_RUNPATH_SEARCH_PATHS = "$(inherited) @executable_path/Frameworks";
				PRODUCT_BUNDLE_IDENTIFIER = jp.eure.AbsoluteModal;
				PRODUCT_NAME = "$(TARGET_NAME)";
				SWIFT_VERSION = 4.0;
				TARGETED_DEVICE_FAMILY = "1,2";
			};
			name = Debug;
		};
		4BC883301F8883FC00D3A863 /* Release */ = {
			isa = XCBuildConfiguration;
			baseConfigurationReference = 250439FEEEC38AAECEB27BF6 /* Pods-AbsoluteModal.release.xcconfig */;
			buildSettings = {
				ASSETCATALOG_COMPILER_APPICON_NAME = AppIcon;
				CODE_SIGN_STYLE = Automatic;
				INFOPLIST_FILE = AbsoluteModal/Info.plist;
				LD_RUNPATH_SEARCH_PATHS = "$(inherited) @executable_path/Frameworks";
				PRODUCT_BUNDLE_IDENTIFIER = jp.eure.AbsoluteModal;
				PRODUCT_NAME = "$(TARGET_NAME)";
				SWIFT_VERSION = 4.0;
				TARGETED_DEVICE_FAMILY = "1,2";
			};
			name = Release;
		};
/* End XCBuildConfiguration section */

/* Begin XCConfigurationList section */
		4BC883171F8883FC00D3A863 /* Build configuration list for PBXProject "AbsoluteModal" */ = {
			isa = XCConfigurationList;
			buildConfigurations = (
				4BC8832C1F8883FC00D3A863 /* Debug */,
				4BC8832D1F8883FC00D3A863 /* Release */,
			);
			defaultConfigurationIsVisible = 0;
			defaultConfigurationName = Release;
		};
		4BC8832E1F8883FC00D3A863 /* Build configuration list for PBXNativeTarget "AbsoluteModal" */ = {
			isa = XCConfigurationList;
			buildConfigurations = (
				4BC8832F1F8883FC00D3A863 /* Debug */,
				4BC883301F8883FC00D3A863 /* Release */,
			);
			defaultConfigurationIsVisible = 0;
			defaultConfigurationName = Release;
		};
/* End XCConfigurationList section */
	};
	rootObject = 4BC883141F8883FC00D3A863 /* Project object */;
}
